Microsoft Visual Studio Solution File, Format Version 12.00
# Visual Studio 2012
Project("{FAE04EC0-301F-11D3-BF4B-00C04F79EFBC}") = "Tilemaptutorial", "Tilemaptutorial.csproj", "{A5F1DD52-F5BE-4B13-ADED-C1307558B6F7}"
EndProject
Global
	GlobalSection(SolutionConfigurationPlatforms) = preSolution
	Debug|Any CPU = Debug|Any CPU
	ExportDebug|Any CPU = ExportDebug|Any CPU
	ExportRelease|Any CPU = ExportRelease|Any CPU
	EndGlobalSection
	GlobalSection(ProjectConfigurationPlatforms) = postSolution
		{A5F1DD52-F5BE-4B13-ADED-C1307558B6F7}.Debug|Any CPU.ActiveCfg = Debug|Any CPU
		{A5F1DD52-F5BE-4B13-ADED-C1307558B6F7}.Debug|Any CPU.Build.0 = Debug|Any CPU
		{A5F1DD52-F5BE-4B13-ADED-C1307558B6F7}.ExportDebug|Any CPU.ActiveCfg = ExportDebug|Any CPU
		{A5F1DD52-F5BE-4B13-ADED-C1307558B6F7}.ExportDebug|Any CPU.Build.0 = ExportDebug|Any CPU
		{A5F1DD52-F5BE-4B13-ADED-C1307558B6F7}.ExportRelease|Any CPU.ActiveCfg = ExportRelease|Any CPU
		{A5F1DD52-F5BE-4B13-ADED-C1307558B6F7}.ExportRelease|Any CPU.Build.0 = ExportRelease|Any CPU
	EndGlobalSection
EndGlobal
